
Microsoft Visual Studio Solution File, Format Version 12.00
# Visual Studio 15
Project("{FAE04EC0-301F-11D3-BF4B-00C04F79EFBC}") = "CrackingCoding", "CrackingCoding\CrackingCoding.csproj", "{7DAE6B93-AE91-4E98-AD14-89A47EEF2272}"
EndProject
Project("{FAE04EC0-301F-11D3-BF4B-00C04F79EFBC}") = "Test", "Test\Test.csproj", "{BEB11B5F-88A9-4CE9-AF7C-EA0D203C3D62}"
EndProject
Global
	GlobalSection(SolutionConfigurationPlatforms) = preSolution
		Debug|Any CPU = Debug|Any CPU
		Release|Any CPU = Release|Any CPU
	EndGlobalSection
	GlobalSection(ProjectConfigurationPlatforms) = postSolution
		{7DAE6B93-AE91-4E98-AD14-89A47EEF2272}.Debug|Any CPU.ActiveCfg = Debug|Any CPU
		{7DAE6B93-AE91-4E98-AD14-89A47EEF2272}.Debug|Any CPU.Build.0 = Debug|Any CPU
		{7DAE6B93-AE91-4E98-AD14-89A47EEF2272}.Release|Any CPU.ActiveCfg = Release|Any CPU
		{7DAE6B93-AE91-4E98-AD14-89A47EEF2272}.Release|Any CPU.Build.0 = Release|Any CPU
		{BEB11B5F-88A9-4CE9-AF7C-EA0D203C3D62}.Debug|Any CPU.ActiveCfg = Debug|Any CPU
		{BEB11B5F-88A9-4CE9-AF7C-EA0D203C3D62}.Debug|Any CPU.Build.0 = Debug|Any CPU
		{BEB11B5F-88A9-4CE9-AF7C-EA0D203C3D62}.Release|Any CPU.ActiveCfg = Release|Any CPU
		{BEB11B5F-88A9-4CE9-AF7C-EA0D203C3D62}.Release|Any CPU.Build.0 = Release|Any CPU
	EndGlobalSection
	GlobalSection(NestedProjects) = preSolution
	EndGlobalSection
EndGlobal
